
Microsoft Visual Studio Solution File, Format Version 12.00
# Visual Studio Express 2013 for Windows Desktop
VisualStudioVersion = 12.0.31101.0
MinimumVisualStudioVersion = 10.0.40219.1
Project("{FAE04EC0-301F-11D3-BF4B-00C04F79EFBC}") = "01_ClassStudent", "01_ClassStudent\01_ClassStudent.csproj", "{53AB663B-1E39-43B1-8C85-56A568586412}"
EndProject
Project("{FAE04EC0-301F-11D3-BF4B-00C04F79EFBC}") = "02_StudentsByGroup", "02_StudentsByGroup\02_StudentsByGroup.csproj", "{C7EBCE09-A68E-4524-BC00-F8A94B1B500E}"
EndProject
Project("{FAE04EC0-301F-11D3-BF4B-00C04F79EFBC}") = "03_StudentsByFirstAndLastName", "03_StudentsByFirstAndLastName\03_StudentsByFirstAndLastName.csproj", "{AA662A19-D778-49E5-8A8F-4BAC082E1110}"
EndProject
Project("{FAE04EC0-301F-11D3-BF4B-00C04F79EFBC}") = "04_StudentsByAge", "04_StudentsByAge\04_StudentsByAge.csproj", "{5BEB99C5-C683-4954-94F6-CF53C3611F94}"
EndProject
Project("{FAE04EC0-301F-11D3-BF4B-00C04F79EFBC}") = "05_SortStudents", "05_SortStudents\05_SortStudents.csproj", "{FC4CEE5D-F718-482D-A48A-2071A39D8085}"
EndProject
Project("{FAE04EC0-301F-11D3-BF4B-00C04F79EFBC}") = "06_FilterStudentsByEmailDomain", "06_FilterStudentsByEmailDomain\06_FilterStudentsByEmailDomain.csproj", "{8A840337-94F7-4B9C-9342-8AD9CA840FA5}"
EndProject
Project("{FAE04EC0-301F-11D3-BF4B-00C04F79EFBC}") = "07_FilterStudentsByPhone", "07_FilterStudentsByPhone\07_FilterStudentsByPhone.csproj", "{F1C13BB2-74FC-4E6A-9FB0-BB4E4E76094F}"
EndProject
Project("{FAE04EC0-301F-11D3-BF4B-00C04F79EFBC}") = "08_ExcellentStudents", "08_ExcellentStudents\08_ExcellentStudents.csproj", "{055657A8-1570-4838-B04F-587AC3CC5E35}"
EndProject
Project("{FAE04EC0-301F-11D3-BF4B-00C04F79EFBC}") = "09_WeakStudents", "09_WeakStudents\09_WeakStudents.csproj", "{F2A6C7A4-F235-43AE-B982-7E7054C65792}"
EndProject
Project("{FAE04EC0-301F-11D3-BF4B-00C04F79EFBC}") = "10_StudentsEnrolled2014", "10_StudentsEnrolled2014\10_StudentsEnrolled2014.csproj", "{5E002624-F15E-4ACA-8EEF-131E781E4D57}"
EndProject
Global
	GlobalSection(SolutionConfigurationPlatforms) = preSolution
		Debug|Any CPU = Debug|Any CPU
		Release|Any CPU = Release|Any CPU
	EndGlobalSection
	GlobalSection(ProjectConfigurationPlatforms) = postSolution
		{53AB663B-1E39-43B1-8C85-56A568586412}.Debug|Any CPU.ActiveCfg = Debug|Any CPU
		{53AB663B-1E39-43B1-8C85-56A568586412}.Debug|Any CPU.Build.0 = Debug|Any CPU
		{53AB663B-1E39-43B1-8C85-56A568586412}.Release|Any CPU.ActiveCfg = Release|Any CPU
		{53AB663B-1E39-43B1-8C85-56A568586412}.Release|Any CPU.Build.0 = Release|Any CPU
		{C7EBCE09-A68E-4524-BC00-F8A94B1B500E}.Debug|Any CPU.ActiveCfg = Debug|Any CPU
		{C7EBCE09-A68E-4524-BC00-F8A94B1B500E}.Debug|Any CPU.Build.0 = Debug|Any CPU
		{C7EBCE09-A68E-4524-BC00-F8A94B1B500E}.Release|Any CPU.ActiveCfg = Release|Any CPU
		{C7EBCE09-A68E-4524-BC00-F8A94B1B500E}.Release|Any CPU.Build.0 = Release|Any CPU
		{AA662A19-D778-49E5-8A8F-4BAC082E1110}.Debug|Any CPU.ActiveCfg = Debug|Any CPU
		{AA662A19-D778-49E5-8A8F-4BAC082E1110}.Debug|Any CPU.Build.0 = Debug|Any CPU
		{AA662A19-D778-49E5-8A8F-4BAC082E1110}.Release|Any CPU.ActiveCfg = Release|Any CPU
		{AA662A19-D778-49E5-8A8F-4BAC082E1110}.Release|Any CPU.Build.0 = Release|Any CPU
		{5BEB99C5-C683-4954-94F6-CF53C3611F94}.Debug|Any CPU.ActiveCfg = Debug|Any CPU
		{5BEB99C5-C683-4954-94F6-CF53C3611F94}.Debug|Any CPU.Build.0 = Debug|Any CPU
		{5BEB99C5-C683-4954-94F6-CF53C3611F94}.Release|Any CPU.ActiveCfg = Release|Any CPU
		{5BEB99C5-C683-4954-94F6-CF53C3611F94}.Release|Any CPU.Build.0 = Release|Any CPU
		{FC4CEE5D-F718-482D-A48A-2071A39D8085}.Debug|Any CPU.ActiveCfg = Debug|Any CPU
		{FC4CEE5D-F718-482D-A48A-2071A39D8085}.Debug|Any CPU.Build.0 = Debug|Any CPU
		{FC4CEE5D-F718-482D-A48A-2071A39D8085}.Release|Any CPU.ActiveCfg = Release|Any CPU
		{FC4CEE5D-F718-482D-A48A-2071A39D8085}.Release|Any CPU.Build.0 = Release|Any CPU
		{8A840337-94F7-4B9C-9342-8AD9CA840FA5}.Debug|Any CPU.ActiveCfg = Debug|Any CPU
		{8A840337-94F7-4B9C-9342-8AD9CA840FA5}.Debug|Any CPU.Build.0 = Debug|Any CPU
		{8A840337-94F7-4B9C-9342-8AD9CA840FA5}.Release|Any CPU.ActiveCfg = Release|Any CPU
		{8A840337-94F7-4B9C-9342-8AD9CA840FA5}.Release|Any CPU.Build.0 = Release|Any CPU
		{F1C13BB2-74FC-4E6A-9FB0-BB4E4E76094F}.Debug|Any CPU.ActiveCfg = Debug|Any CPU
		{F1C13BB2-74FC-4E6A-9FB0-BB4E4E76094F}.Debug|Any CPU.Build.0 = Debug|Any CPU
		{F1C13BB2-74FC-4E6A-9FB0-BB4E4E76094F}.Release|Any CPU.ActiveCfg = Release|Any CPU
		{F1C13BB2-74FC-4E6A-9FB0-BB4E4E76094F}.Release|Any CPU.Build.0 = Release|Any CPU
		{055657A8-1570-4838-B04F-587AC3CC5E35}.Debug|Any CPU.ActiveCfg = Debug|Any CPU
		{055657A8-1570-4838-B04F-587AC3CC5E35}.Debug|Any CPU.Build.0 = Debug|Any CPU
		{055657A8-1570-4838-B04F-587AC3CC5E35}.Release|Any CPU.ActiveCfg = Release|Any CPU
		{055657A8-1570-4838-B04F-587AC3CC5E35}.Release|Any CPU.Build.0 = Release|Any CPU
		{F2A6C7A4-F235-43AE-B982-7E7054C65792}.Debug|Any CPU.ActiveCfg = Debug|Any CPU
		{F2A6C7A4-F235-43AE-B982-7E7054C65792}.Debug|Any CPU.Build.0 = Debug|Any CPU
		{F2A6C7A4-F235-43AE-B982-7E7054C65792}.Release|Any CPU.ActiveCfg = Release|Any CPU
		{F2A6C7A4-F235-43AE-B982-7E7054C65792}.Release|Any CPU.Build.0 = Release|Any CPU
		{5E002624-F15E-4ACA-8EEF-131E781E4D57}.Debug|Any CPU.ActiveCfg = Debug|Any CPU
		{5E002624-F15E-4ACA-8EEF-131E781E4D57}.Debug|Any CPU.Build.0 = Debug|Any CPU
		{5E002624-F15E-4ACA-8EEF-131E781E4D57}.Release|Any CPU.ActiveCfg = Release|Any CPU
		{5E002624-F15E-4ACA-8EEF-131E781E4D57}.Release|Any CPU.Build.0 = Release|Any CPU
	EndGlobalSection
	GlobalSection(SolutionProperties) = preSolution
		HideSolutionNode = FALSE
	EndGlobalSection
EndGlobal
